
Microsoft Visual Studio Solution File, Format Version 12.00
Project("{FAE04EC0-301F-11D3-BF4B-00C04F79EFBC}") = "DungeonGame", "DungeonGame\DungeonGame.csproj", "{8EFD0E97-BC3B-4E82-97AE-F348B9132F3F}"
EndProject
Project("{FAE04EC0-301F-11D3-BF4B-00C04F79EFBC}") = "TestProject1", "TestProject1\TestProject1.csproj", "{AACED9C2-8386-4A4C-9136-4622735B2265}"
EndProject
Global
	GlobalSection(SolutionConfigurationPlatforms) = preSolution
		Debug|Any CPU = Debug|Any CPU
		Release|Any CPU = Release|Any CPU
	EndGlobalSection
	GlobalSection(ProjectConfigurationPlatforms) = postSolution
		{8EFD0E97-BC3B-4E82-97AE-F348B9132F3F}.Debug|Any CPU.ActiveCfg = Debug|Any CPU
		{8EFD0E97-BC3B-4E82-97AE-F348B9132F3F}.Debug|Any CPU.Build.0 = Debug|Any CPU
		{8EFD0E97-BC3B-4E82-97AE-F348B9132F3F}.Release|Any CPU.ActiveCfg = Release|Any CPU
		{8EFD0E97-BC3B-4E82-97AE-F348B9132F3F}.Release|Any CPU.Build.0 = Release|Any CPU
		{AACED9C2-8386-4A4C-9136-4622735B2265}.Debug|Any CPU.ActiveCfg = Debug|Any CPU
		{AACED9C2-8386-4A4C-9136-4622735B2265}.Debug|Any CPU.Build.0 = Debug|Any CPU
		{AACED9C2-8386-4A4C-9136-4622735B2265}.Release|Any CPU.ActiveCfg = Release|Any CPU
		{AACED9C2-8386-4A4C-9136-4622735B2265}.Release|Any CPU.Build.0 = Release|Any CPU
	EndGlobalSection
EndGlobal
